
Microsoft Visual Studio Solution File, Format Version 12.00
# Visual Studio Version 17
VisualStudioVersion = 17.2.32526.322
MinimumVisualStudioVersion = 10.0.40219.1
Project("{FAE04EC0-301F-11D3-BF4B-00C04F79EFBC}") = "CppGen", "CppGen\CppGen.csproj", "{9668A2F9-9B61-447A-B0C2-12576F1A7B8C}"
EndProject
Global
	GlobalSection(SolutionConfigurationPlatforms) = preSolution
		Debug|Any CPU = Debug|Any CPU
		Release|Any CPU = Release|Any CPU
	EndGlobalSection
	GlobalSection(ProjectConfigurationPlatforms) = postSolution
		{9668A2F9-9B61-447A-B0C2-12576F1A7B8C}.Debug|Any CPU.ActiveCfg = Debug|Any CPU
		{9668A2F9-9B61-447A-B0C2-12576F1A7B8C}.Debug|Any CPU.Build.0 = Debug|Any CPU
		{9668A2F9-9B61-447A-B0C2-12576F1A7B8C}.Release|Any CPU.ActiveCfg = Release|Any CPU
		{9668A2F9-9B61-447A-B0C2-12576F1A7B8C}.Release|Any CPU.Build.0 = Release|Any CPU
	EndGlobalSection
	GlobalSection(SolutionProperties) = preSolution
		HideSolutionNode = FALSE
	EndGlobalSection
	GlobalSection(ExtensibilityGlobals) = postSolution
		SolutionGuid = {6B6BB344-E6AC-4CE8-A222-9F4FD2A4D4FC}
	EndGlobalSection
EndGlobal
